
Microsoft Visual Studio Solution File, Format Version 12.00
# Visual Studio 2013
VisualStudioVersion = 12.0.31101.0
MinimumVisualStudioVersion = 10.0.40219.1
Project("{2150E333-8FDC-42A3-9474-1A3956D46DE8}") = "ExHentaiViewer", "ExHentaiViewer", "{2BD7938B-9F9D-41B0-9946-291D243F3A6D}"
EndProject
Project("{FAE04EC0-301F-11D3-BF4B-00C04F79EFBC}") = "ExHentaiViewer.WPF", "ExHentaiViewer.WPF\ExHentaiViewer.WPF.csproj", "{FE692144-8717-4EBE-8A78-199FEC332E4A}"
EndProject
Project("{FAE04EC0-301F-11D3-BF4B-00C04F79EFBC}") = "ExHentaiLib", "ClassLib\ExHentaiLib.csproj", "{661D6320-3C74-42C9-B60F-7C34BA5DD934}"
EndProject
Project("{FAE04EC0-301F-11D3-BF4B-00C04F79EFBC}") = "CosImg", "CosImg\CosImg.csproj", "{E4D4F05F-9650-4907-9B95-C47AA1D57225}"
EndProject
Project("{FAE04EC0-301F-11D3-BF4B-00C04F79EFBC}") = "TBase.RT", "TBase.RT\TBase.RT.csproj", "{CBB066A7-5129-4E84-B813-3132E6B315D5}"
	ProjectSection(ProjectDependencies) = postProject
		{9FD7A70E-4952-4082-9CFB-10F40B916308} = {9FD7A70E-4952-4082-9CFB-10F40B916308}
	EndProjectSection
EndProject
Project("{FAE04EC0-301F-11D3-BF4B-00C04F79EFBC}") = "TBase", "TBase\TBase.csproj", "{9FD7A70E-4952-4082-9CFB-10F40B916308}"
EndProject
Project("{2150E333-8FDC-42A3-9474-1A3956D46DE8}") = "TBase", "TBase", "{D8C12E37-A5D6-4DBC-9285-6E1838C719AE}"
EndProject
Global
	GlobalSection(SolutionConfigurationPlatforms) = preSolution
		Debug|Any CPU = Debug|Any CPU
		Debug|ARM = Debug|ARM
		Debug|x64 = Debug|x64
		Debug|x86 = Debug|x86
		Release|Any CPU = Release|Any CPU
		Release|ARM = Release|ARM
		Release|x64 = Release|x64
		Release|x86 = Release|x86
	EndGlobalSection
	GlobalSection(ProjectConfigurationPlatforms) = postSolution
		{FE692144-8717-4EBE-8A78-199FEC332E4A}.Debug|Any CPU.ActiveCfg = Debug|Any CPU
		{FE692144-8717-4EBE-8A78-199FEC332E4A}.Debug|Any CPU.Build.0 = Debug|Any CPU
		{FE692144-8717-4EBE-8A78-199FEC332E4A}.Debug|ARM.ActiveCfg = Debug|Any CPU
		{FE692144-8717-4EBE-8A78-199FEC332E4A}.Debug|x64.ActiveCfg = Debug|Any CPU
		{FE692144-8717-4EBE-8A78-199FEC332E4A}.Debug|x86.ActiveCfg = Debug|Any CPU
		{FE692144-8717-4EBE-8A78-199FEC332E4A}.Release|Any CPU.ActiveCfg = Release|Any CPU
		{FE692144-8717-4EBE-8A78-199FEC332E4A}.Release|Any CPU.Build.0 = Release|Any CPU
		{FE692144-8717-4EBE-8A78-199FEC332E4A}.Release|ARM.ActiveCfg = Release|Any CPU
		{FE692144-8717-4EBE-8A78-199FEC332E4A}.Release|x64.ActiveCfg = Release|Any CPU
		{FE692144-8717-4EBE-8A78-199FEC332E4A}.Release|x86.ActiveCfg = Release|Any CPU
		{661D6320-3C74-42C9-B60F-7C34BA5DD934}.Debug|Any CPU.ActiveCfg = Debug|Any CPU
		{661D6320-3C74-42C9-B60F-7C34BA5DD934}.Debug|Any CPU.Build.0 = Debug|Any CPU
		{661D6320-3C74-42C9-B60F-7C34BA5DD934}.Debug|ARM.ActiveCfg = Debug|Any CPU
		{661D6320-3C74-42C9-B60F-7C34BA5DD934}.Debug|x64.ActiveCfg = Debug|Any CPU
		{661D6320-3C74-42C9-B60F-7C34BA5DD934}.Debug|x86.ActiveCfg = Debug|Any CPU
		{661D6320-3C74-42C9-B60F-7C34BA5DD934}.Release|Any CPU.ActiveCfg = Release|Any CPU
		{661D6320-3C74-42C9-B60F-7C34BA5DD934}.Release|Any CPU.Build.0 = Release|Any CPU
		{661D6320-3C74-42C9-B60F-7C34BA5DD934}.Release|ARM.ActiveCfg = Release|Any CPU
		{661D6320-3C74-42C9-B60F-7C34BA5DD934}.Release|x64.ActiveCfg = Release|Any CPU
		{661D6320-3C74-42C9-B60F-7C34BA5DD934}.Release|x86.ActiveCfg = Release|Any CPU
		{E4D4F05F-9650-4907-9B95-C47AA1D57225}.Debug|Any CPU.ActiveCfg = Debug|Any CPU
		{E4D4F05F-9650-4907-9B95-C47AA1D57225}.Debug|Any CPU.Build.0 = Debug|Any CPU
		{E4D4F05F-9650-4907-9B95-C47AA1D57225}.Debug|Any CPU.Deploy.0 = Debug|Any CPU
		{E4D4F05F-9650-4907-9B95-C47AA1D57225}.Debug|ARM.ActiveCfg = Debug|ARM
		{E4D4F05F-9650-4907-9B95-C47AA1D57225}.Debug|ARM.Build.0 = Debug|ARM
		{E4D4F05F-9650-4907-9B95-C47AA1D57225}.Debug|ARM.Deploy.0 = Debug|ARM
		{E4D4F05F-9650-4907-9B95-C47AA1D57225}.Debug|x64.ActiveCfg = Debug|Any CPU
		{E4D4F05F-9650-4907-9B95-C47AA1D57225}.Debug|x86.ActiveCfg = Debug|x86
		{E4D4F05F-9650-4907-9B95-C47AA1D57225}.Debug|x86.Build.0 = Debug|x86
		{E4D4F05F-9650-4907-9B95-C47AA1D57225}.Debug|x86.Deploy.0 = Debug|x86
		{E4D4F05F-9650-4907-9B95-C47AA1D57225}.Release|Any CPU.ActiveCfg = Release|Any CPU
		{E4D4F05F-9650-4907-9B95-C47AA1D57225}.Release|Any CPU.Build.0 = Release|Any CPU
		{E4D4F05F-9650-4907-9B95-C47AA1D57225}.Release|Any CPU.Deploy.0 = Release|Any CPU
		{E4D4F05F-9650-4907-9B95-C47AA1D57225}.Release|ARM.ActiveCfg = Release|ARM
		{E4D4F05F-9650-4907-9B95-C47AA1D57225}.Release|ARM.Build.0 = Release|ARM
		{E4D4F05F-9650-4907-9B95-C47AA1D57225}.Release|ARM.Deploy.0 = Release|ARM
		{E4D4F05F-9650-4907-9B95-C47AA1D57225}.Release|x64.ActiveCfg = Release|Any CPU
		{E4D4F05F-9650-4907-9B95-C47AA1D57225}.Release|x86.ActiveCfg = Release|x86
		{E4D4F05F-9650-4907-9B95-C47AA1D57225}.Release|x86.Build.0 = Release|x86
		{E4D4F05F-9650-4907-9B95-C47AA1D57225}.Release|x86.Deploy.0 = Release|x86
		{CBB066A7-5129-4E84-B813-3132E6B315D5}.Debug|Any CPU.ActiveCfg = Debug|Any CPU
		{CBB066A7-5129-4E84-B813-3132E6B315D5}.Debug|Any CPU.Build.0 = Debug|Any CPU
		{CBB066A7-5129-4E84-B813-3132E6B315D5}.Debug|ARM.ActiveCfg = Debug|Any CPU
		{CBB066A7-5129-4E84-B813-3132E6B315D5}.Debug|x64.ActiveCfg = Debug|Any CPU
		{CBB066A7-5129-4E84-B813-3132E6B315D5}.Debug|x86.ActiveCfg = Debug|Any CPU
		{CBB066A7-5129-4E84-B813-3132E6B315D5}.Release|Any CPU.ActiveCfg = Release|Any CPU
		{CBB066A7-5129-4E84-B813-3132E6B315D5}.Release|Any CPU.Build.0 = Release|Any CPU
		{CBB066A7-5129-4E84-B813-3132E6B315D5}.Release|ARM.ActiveCfg = Release|Any CPU
		{CBB066A7-5129-4E84-B813-3132E6B315D5}.Release|x64.ActiveCfg = Release|Any CPU
		{CBB066A7-5129-4E84-B813-3132E6B315D5}.Release|x86.ActiveCfg = Release|Any CPU
		{9FD7A70E-4952-4082-9CFB-10F40B916308}.Debug|Any CPU.ActiveCfg = Debug|Any CPU
		{9FD7A70E-4952-4082-9CFB-10F40B916308}.Debug|Any CPU.Build.0 = Debug|Any CPU
		{9FD7A70E-4952-4082-9CFB-10F40B916308}.Debug|ARM.ActiveCfg = Debug|Any CPU
		{9FD7A70E-4952-4082-9CFB-10F40B916308}.Debug|x64.ActiveCfg = Debug|Any CPU
		{9FD7A70E-4952-4082-9CFB-10F40B916308}.Debug|x86.ActiveCfg = Debug|Any CPU
		{9FD7A70E-4952-4082-9CFB-10F40B916308}.Release|Any CPU.ActiveCfg = Release|Any CPU
		{9FD7A70E-4952-4082-9CFB-10F40B916308}.Release|Any CPU.Build.0 = Release|Any CPU
		{9FD7A70E-4952-4082-9CFB-10F40B916308}.Release|ARM.ActiveCfg = Release|Any CPU
		{9FD7A70E-4952-4082-9CFB-10F40B916308}.Release|x64.ActiveCfg = Release|Any CPU
		{9FD7A70E-4952-4082-9CFB-10F40B916308}.Release|x86.ActiveCfg = Release|Any CPU
	EndGlobalSection
	GlobalSection(SolutionProperties) = preSolution
		HideSolutionNode = FALSE
	EndGlobalSection
	GlobalSection(NestedProjects) = preSolution
		{FE692144-8717-4EBE-8A78-199FEC332E4A} = {2BD7938B-9F9D-41B0-9946-291D243F3A6D}
		{661D6320-3C74-42C9-B60F-7C34BA5DD934} = {2BD7938B-9F9D-41B0-9946-291D243F3A6D}
		{CBB066A7-5129-4E84-B813-3132E6B315D5} = {D8C12E37-A5D6-4DBC-9285-6E1838C719AE}
		{9FD7A70E-4952-4082-9CFB-10F40B916308} = {D8C12E37-A5D6-4DBC-9285-6E1838C719AE}
	EndGlobalSection
EndGlobal
